{
  "name": "app",
  "version": "1.0.0",
  "lockfileVersion": 3,
  "requires": true,
  "packages": {
    "": {
      "name": "app",
      "version": "1.0.0",
      "license": "ISC",
      "dependencies": {
        "maxime-mettey-first-package": "^1.0.0"
      }
    },
    "node_modules/maxime-mettey-first-package": {
      "version": "1.1.2",
      "resolved": "https://registry.npmjs.org/maxime-mettey-first-package/-/maxime-mettey-first-package-1.1.2.tgz",
      "integrity": "sha512-sKSCEiD3OGw26dGSUjFJBbbsTq244iieRXFiW53FhSHkqj3fz8FYbrfWyQMg8FCGTTyiEEtku06ICyx7ub6i3Q=="
    }
  }
}
